
Microsoft Visual Studio Solution File, Format Version 11.00
# Visual Studio 2010
Project("{E24C65DC-7377-472B-9ABA-BC803B73C61A}") = "SDataJavaScriptClientLib", ".", "{BE48B649-21CD-4368-AFFC-71348E55D7B4}"
	ProjectSection(WebsiteProperties) = preProject
		TargetFrameworkMoniker = ".NETFramework,Version%3Dv4.0"
		Debug.AspNetCompiler.VirtualPath = "/SDataJavaScriptClientLib"
		Debug.AspNetCompiler.PhysicalPath = "..\SDataJavaScriptClientLib\"
		Debug.AspNetCompiler.TargetPath = "PrecompiledWeb\SDataJavaScriptClientLib\"
		Debug.AspNetCompiler.Updateable = "true"
		Debug.AspNetCompiler.ForceOverwrite = "true"
		Debug.AspNetCompiler.FixedNames = "false"
		Debug.AspNetCompiler.Debug = "True"
		Release.AspNetCompiler.VirtualPath = "/SDataJavaScriptClientLib"
		Release.AspNetCompiler.PhysicalPath = "..\SDataJavaScriptClientLib\"
		Release.AspNetCompiler.TargetPath = "PrecompiledWeb\SDataJavaScriptClientLib\"
		Release.AspNetCompiler.Updateable = "true"
		Release.AspNetCompiler.ForceOverwrite = "true"
		Release.AspNetCompiler.FixedNames = "false"
		Release.AspNetCompiler.Debug = "False"
		VWDPort = "52607"
	EndProjectSection
EndProject
Global
	GlobalSection(SolutionConfigurationPlatforms) = preSolution
		Debug|Any CPU = Debug|Any CPU
	EndGlobalSection
	GlobalSection(ProjectConfigurationPlatforms) = postSolution
		{BE48B649-21CD-4368-AFFC-71348E55D7B4}.Debug|Any CPU.ActiveCfg = Debug|Any CPU
		{BE48B649-21CD-4368-AFFC-71348E55D7B4}.Debug|Any CPU.Build.0 = Debug|Any CPU
	EndGlobalSection
	GlobalSection(SolutionProperties) = preSolution
		HideSolutionNode = FALSE
	EndGlobalSection
EndGlobal
